
Microsoft Visual Studio Solution File, Format Version 12.00
# Visual Studio Version 16
VisualStudioVersion = 16.0.32106.194
MinimumVisualStudioVersion = 10.0.40219.1
Project("{2150E333-8FDC-42A3-9474-1A3956D46DE8}") = "Application", "Application", "{A7CD5EE5-0CA6-40E8-AD91-C43C91499DB9}"
EndProject
Project("{2150E333-8FDC-42A3-9474-1A3956D46DE8}") = "WebApi", "WebApi", "{108E4DCC-2FE4-40AB-BC52-5B4B849095EC}"
EndProject
Project("{2150E333-8FDC-42A3-9474-1A3956D46DE8}") = "Domain", "Domain", "{9E63A2C6-5CD1-4646-B3DD-632EFD48C301}"
EndProject
Project("{2150E333-8FDC-42A3-9474-1A3956D46DE8}") = "Persistence", "Persistence", "{DC2482CC-6BCA-4523-8A34-3E761DA48835}"
EndProject
Project("{9A19103F-16F7-4668-BE54-9A1E7A4F7556}") = "SchoolApp.Domain", "SchoolApp.Domain\SchoolApp.Domain.csproj", "{E3C637EC-0D9D-48B3-9556-29AF0BCD02A8}"
EndProject
Project("{9A19103F-16F7-4668-BE54-9A1E7A4F7556}") = "SchoolApp.Application", "SchoolApp.Application\SchoolApp.Application.csproj", "{43F97599-3278-4AE7-B1B2-4500B7D49663}"
EndProject
Project("{9A19103F-16F7-4668-BE54-9A1E7A4F7556}") = "SchoolApp.Persistence", "SchoolApp.Persistence\SchoolApp.Persistence.csproj", "{92799F97-52D5-4B1E-A179-6FF0E381034C}"
EndProject
Project("{FAE04EC0-301F-11D3-BF4B-00C04F79EFBC}") = "SchoolApp.Api", "SchoolApp.Api\SchoolApp.Api.csproj", "{F026B979-17EC-4FAA-937B-7B30FA14092E}"
EndProject
Global
	GlobalSection(SolutionConfigurationPlatforms) = preSolution
		Debug|Any CPU = Debug|Any CPU
		Release|Any CPU = Release|Any CPU
	EndGlobalSection
	GlobalSection(ProjectConfigurationPlatforms) = postSolution
		{E3C637EC-0D9D-48B3-9556-29AF0BCD02A8}.Debug|Any CPU.ActiveCfg = Debug|Any CPU
		{E3C637EC-0D9D-48B3-9556-29AF0BCD02A8}.Debug|Any CPU.Build.0 = Debug|Any CPU
		{E3C637EC-0D9D-48B3-9556-29AF0BCD02A8}.Release|Any CPU.ActiveCfg = Release|Any CPU
		{E3C637EC-0D9D-48B3-9556-29AF0BCD02A8}.Release|Any CPU.Build.0 = Release|Any CPU
		{43F97599-3278-4AE7-B1B2-4500B7D49663}.Debug|Any CPU.ActiveCfg = Debug|Any CPU
		{43F97599-3278-4AE7-B1B2-4500B7D49663}.Debug|Any CPU.Build.0 = Debug|Any CPU
		{43F97599-3278-4AE7-B1B2-4500B7D49663}.Release|Any CPU.ActiveCfg = Release|Any CPU
		{43F97599-3278-4AE7-B1B2-4500B7D49663}.Release|Any CPU.Build.0 = Release|Any CPU
		{92799F97-52D5-4B1E-A179-6FF0E381034C}.Debug|Any CPU.ActiveCfg = Debug|Any CPU
		{92799F97-52D5-4B1E-A179-6FF0E381034C}.Debug|Any CPU.Build.0 = Debug|Any CPU
		{92799F97-52D5-4B1E-A179-6FF0E381034C}.Release|Any CPU.ActiveCfg = Release|Any CPU
		{92799F97-52D5-4B1E-A179-6FF0E381034C}.Release|Any CPU.Build.0 = Release|Any CPU
		{F026B979-17EC-4FAA-937B-7B30FA14092E}.Debug|Any CPU.ActiveCfg = Debug|Any CPU
		{F026B979-17EC-4FAA-937B-7B30FA14092E}.Debug|Any CPU.Build.0 = Debug|Any CPU
		{F026B979-17EC-4FAA-937B-7B30FA14092E}.Release|Any CPU.ActiveCfg = Release|Any CPU
		{F026B979-17EC-4FAA-937B-7B30FA14092E}.Release|Any CPU.Build.0 = Release|Any CPU
	EndGlobalSection
	GlobalSection(SolutionProperties) = preSolution
		HideSolutionNode = FALSE
	EndGlobalSection
	GlobalSection(NestedProjects) = preSolution
		{E3C637EC-0D9D-48B3-9556-29AF0BCD02A8} = {9E63A2C6-5CD1-4646-B3DD-632EFD48C301}
		{43F97599-3278-4AE7-B1B2-4500B7D49663} = {A7CD5EE5-0CA6-40E8-AD91-C43C91499DB9}
		{92799F97-52D5-4B1E-A179-6FF0E381034C} = {DC2482CC-6BCA-4523-8A34-3E761DA48835}
		{F026B979-17EC-4FAA-937B-7B30FA14092E} = {108E4DCC-2FE4-40AB-BC52-5B4B849095EC}
	EndGlobalSection
	GlobalSection(ExtensibilityGlobals) = postSolution
		SolutionGuid = {5CD7EAFB-A004-4DC2-BCAF-8751F96A2414}
	EndGlobalSection
EndGlobal
